// !$*UTF8*$!
{
	archiveVersion = 1;
	classes = {
	};
	objectVersion = 50;
	objects = {

/* Begin PBXBuildFile section */
		BC6FDD8120E2835100297850 /* AppDelegate.swift in Sources */ = {isa = PBXBuildFile; fileRef = BC6FDD8020E2835100297850 /* AppDelegate.swift */; };
		BC6FDD8620E2835100297850 /* Main.storyboard in Resources */ = {isa = PBXBuildFile; fileRef = BC6FDD8420E2835100297850 /* Main.storyboard */; };
		BC6FDD8820E2835300297850 /* Assets.xcassets in Resources */ = {isa = PBXBuildFile; fileRef = BC6FDD8720E2835300297850 /* Assets.xcassets */; };
		BC6FDD8B20E2835300297850 /* LaunchScreen.storyboard in Resources */ = {isa = PBXBuildFile; fileRef = BC6FDD8920E2835300297850 /* LaunchScreen.storyboard */; };
		BC6FDD9620E2835300297850 /* ShoppingAppTests.swift in Sources */ = {isa = PBXBuildFile; fileRef = BC6FDD9520E2835300297850 /* ShoppingAppTests.swift */; };
		BC6FDDA120E2835300297850 /* ShoppingAppUITests.swift in Sources */ = {isa = PBXBuildFile; fileRef = BC6FDDA020E2835300297850 /* ShoppingAppUITests.swift */; };
		BC97C1BA20E2A74100D9A392 /* Alamofire.framework in Frameworks */ = {isa = PBXBuildFile; fileRef = BC97C1B920E2A74100D9A392 /* Alamofire.framework */; };
		BC97C1C320E2C13A00D9A392 /* URLSessionConfiguration+ExtraHeaders.swift in Sources */ = {isa = PBXBuildFile; fileRef = BC97C1C020E2C13A00D9A392 /* URLSessionConfiguration+ExtraHeaders.swift */; };
		BC97C1C420E2C13A00D9A392 /* AlamofireRequest+Decodable.swift in Sources */ = {isa = PBXBuildFile; fileRef = BC97C1C120E2C13A00D9A392 /* AlamofireRequest+Decodable.swift */; };
		BC97C1C520E2C13A00D9A392 /* Alamofire+ExtraHeaders.swift in Sources */ = {isa = PBXBuildFile; fileRef = BC97C1C220E2C13A00D9A392 /* Alamofire+ExtraHeaders.swift */; };
		BC97C1C820E2C14C00D9A392 /* CustomErrorConvertible.swift in Sources */ = {isa = PBXBuildFile; fileRef = BC97C1C720E2C14C00D9A392 /* CustomErrorConvertible.swift */; };
		BC97C1E120E2C15500D9A392 /* CBClientError.swift in Sources */ = {isa = PBXBuildFile; fileRef = BC97C1CA20E2C15500D9A392 /* CBClientError.swift */; };
		BC97C1E420E2C15500D9A392 /* CBClientDelegate.swift in Sources */ = {isa = PBXBuildFile; fileRef = BC97C1CF20E2C15500D9A392 /* CBClientDelegate.swift */; };
		BC97C1EA20E2C15500D9A392 /* HTTPRoute.swift in Sources */ = {isa = PBXBuildFile; fileRef = BC97C1D820E2C15500D9A392 /* HTTPRoute.swift */; };
		BC97C1EB20E2C15500D9A392 /* HTTPRouteConvertible.swift in Sources */ = {isa = PBXBuildFile; fileRef = BC97C1D920E2C15500D9A392 /* HTTPRouteConvertible.swift */; };
		BC97C1EC20E2C15500D9A392 /* HTTPBaseURL.swift in Sources */ = {isa = PBXBuildFile; fileRef = BC97C1DA20E2C15500D9A392 /* HTTPBaseURL.swift */; };
		BC97C1ED20E2C15500D9A392 /* CBClientType.swift in Sources */ = {isa = PBXBuildFile; fileRef = BC97C1DB20E2C15500D9A392 /* CBClientType.swift */; };
		BC97C1EE20E2C15500D9A392 /* ProductClient.swift in Sources */ = {isa = PBXBuildFile; fileRef = BC97C1DE20E2C15500D9A392 /* ProductClient.swift */; };
		BC97C1EF20E2C15500D9A392 /* HTTPClient.swift in Sources */ = {isa = PBXBuildFile; fileRef = BC97C1DF20E2C15500D9A392 /* HTTPClient.swift */; };
		BC97C1F020E2C15500D9A392 /* CBServerError.swift in Sources */ = {isa = PBXBuildFile; fileRef = BC97C1E020E2C15500D9A392 /* CBServerError.swift */; };
		BC97C1F920E2E4D200D9A392 /* ProductTableViewController.swift in Sources */ = {isa = PBXBuildFile; fileRef = BC97C1F820E2E4D200D9A392 /* ProductTableViewController.swift */; };
		BC97C23820E2EDF300D9A392 /* ProductDetailViewController.swift in Sources */ = {isa = PBXBuildFile; fileRef = BC97C23720E2EDF300D9A392 /* ProductDetailViewController.swift */; };
		BC97C23A20E3085E00D9A392 /* ProductList.swift in Sources */ = {isa = PBXBuildFile; fileRef = BC97C23920E3085E00D9A392 /* ProductList.swift */; };
		BC97C23F20E42F6E00D9A392 /* ProductTableViewCell.swift in Sources */ = {isa = PBXBuildFile; fileRef = BC97C23E20E42F6E00D9A392 /* ProductTableViewCell.swift */; };
		BC97C24120E42F7D00D9A392 /* ProductTableViewCell.xib in Resources */ = {isa = PBXBuildFile; fileRef = BC97C24020E42F7D00D9A392 /* ProductTableViewCell.xib */; };
		BCDB162420E442A20094DCA2 /* ProductListViewModel.swift in Sources */ = {isa = PBXBuildFile; fileRef = BCDB162320E442A20094DCA2 /* ProductListViewModel.swift */; };
		BCDB162620E442B00094DCA2 /* ProductViewModel.swift in Sources */ = {isa = PBXBuildFile; fileRef = BCDB162520E442B00094DCA2 /* ProductViewModel.swift */; };
/* End PBXBuildFile section */

/* Begin PBXContainerItemProxy section */
		BC6FDD9220E2835300297850 /* PBXContainerItemProxy */ = {
			isa = PBXContainerItemProxy;
			containerPortal = BC6FDD7520E2835100297850 /* Project object */;
			proxyType = 1;
			remoteGlobalIDString = BC6FDD7C20E2835100297850;
			remoteInfo = ShoppingApp;
		};
		BC6FDD9D20E2835300297850 /* PBXContainerItemProxy */ = {
			isa = PBXContainerItemProxy;
			containerPortal = BC6FDD7520E2835100297850 /* Project object */;
			proxyType = 1;
			remoteGlobalIDString = BC6FDD7C20E2835100297850;
			remoteInfo = ShoppingApp;
		};
/* End PBXContainerItemProxy section */

/* Begin PBXFileReference section */
		BC6FDD7D20E2835100297850 /* ShoppingApp.app */ = {isa = PBXFileReference; explicitFileType = wrapper.application; includeInIndex = 0; path = ShoppingApp.app; sourceTree = BUILT_PRODUCTS_DIR; };
		BC6FDD8020E2835100297850 /* AppDelegate.swift */ = {isa = PBXFileReference; lastKnownFileType = sourcecode.swift; path = AppDelegate.swift; sourceTree = "<group>"; };
		BC6FDD8520E2835100297850 /* Base */ = {isa = PBXFileReference; lastKnownFileType = file.storyboard; name = Base; path = Base.lproj/Main.storyboard; sourceTree = "<group>"; };
		BC6FDD8720E2835300297850 /* Assets.xcassets */ = {isa = PBXFileReference; lastKnownFileType = folder.assetcatalog; path = Assets.xcassets; sourceTree = "<group>"; };
		BC6FDD8A20E2835300297850 /* Base */ = {isa = PBXFileReference; lastKnownFileType = file.storyboard; name = Base; path = Base.lproj/LaunchScreen.storyboard; sourceTree = "<group>"; };
		BC6FDD8C20E2835300297850 /* Info.plist */ = {isa = PBXFileReference; lastKnownFileType = text.plist.xml; path = Info.plist; sourceTree = "<group>"; };
		BC6FDD9120E2835300297850 /* ShoppingAppTests.xctest */ = {isa = PBXFileReference; explicitFileType = wrapper.cfbundle; includeInIndex = 0; path = ShoppingAppTests.xctest; sourceTree = BUILT_PRODUCTS_DIR; };
		BC6FDD9520E2835300297850 /* ShoppingAppTests.swift */ = {isa = PBXFileReference; lastKnownFileType = sourcecode.swift; path = ShoppingAppTests.swift; sourceTree = "<group>"; };
		BC6FDD9720E2835300297850 /* Info.plist */ = {isa = PBXFileReference; lastKnownFileType = text.plist.xml; path = Info.plist; sourceTree = "<group>"; };
		BC6FDD9C20E2835300297850 /* ShoppingAppUITests.xctest */ = {isa = PBXFileReference; explicitFileType = wrapper.cfbundle; includeInIndex = 0; path = ShoppingAppUITests.xctest; sourceTree = BUILT_PRODUCTS_DIR; };
		BC6FDDA020E2835300297850 /* ShoppingAppUITests.swift */ = {isa = PBXFileReference; lastKnownFileType = sourcecode.swift; path = ShoppingAppUITests.swift; sourceTree = "<group>"; };
		BC6FDDA220E2835300297850 /* Info.plist */ = {isa = PBXFileReference; lastKnownFileType = text.plist.xml; path = Info.plist; sourceTree = "<group>"; };
		BC97C1B920E2A74100D9A392 /* Alamofire.framework */ = {isa = PBXFileReference; lastKnownFileType = wrapper.framework; name = Alamofire.framework; path = Carthage/Build/iOS/Alamofire.framework; sourceTree = "<group>"; };
		BC97C1C020E2C13A00D9A392 /* URLSessionConfiguration+ExtraHeaders.swift */ = {isa = PBXFileReference; fileEncoding = 4; lastKnownFileType = sourcecode.swift; path = "URLSessionConfiguration+ExtraHeaders.swift"; sourceTree = "<group>"; };
		BC97C1C120E2C13A00D9A392 /* AlamofireRequest+Decodable.swift */ = {isa = PBXFileReference; fileEncoding = 4; lastKnownFileType = sourcecode.swift; path = "AlamofireRequest+Decodable.swift"; sourceTree = "<group>"; };
		BC97C1C220E2C13A00D9A392 /* Alamofire+ExtraHeaders.swift */ = {isa = PBXFileReference; fileEncoding = 4; lastKnownFileType = sourcecode.swift; path = "Alamofire+ExtraHeaders.swift"; sourceTree = "<group>"; };
		BC97C1C720E2C14C00D9A392 /* CustomErrorConvertible.swift */ = {isa = PBXFileReference; fileEncoding = 4; lastKnownFileType = sourcecode.swift; path = CustomErrorConvertible.swift; sourceTree = "<group>"; };
		BC97C1CA20E2C15500D9A392 /* CBClientError.swift */ = {isa = PBXFileReference; fileEncoding = 4; lastKnownFileType = sourcecode.swift; path = CBClientError.swift; sourceTree = "<group>"; };
		BC97C1CF20E2C15500D9A392 /* CBClientDelegate.swift */ = {isa = PBXFileReference; fileEncoding = 4; lastKnownFileType = sourcecode.swift; path = CBClientDelegate.swift; sourceTree = "<group>"; };
		BC97C1D820E2C15500D9A392 /* HTTPRoute.swift */ = {isa = PBXFileReference; fileEncoding = 4; lastKnownFileType = sourcecode.swift; path = HTTPRoute.swift; sourceTree = "<group>"; };
		BC97C1D920E2C15500D9A392 /* HTTPRouteConvertible.swift */ = {isa = PBXFileReference; fileEncoding = 4; lastKnownFileType = sourcecode.swift; path = HTTPRouteConvertible.swift; sourceTree = "<group>"; };
		BC97C1DA20E2C15500D9A392 /* HTTPBaseURL.swift */ = {isa = PBXFileReference; fileEncoding = 4; lastKnownFileType = sourcecode.swift; path = HTTPBaseURL.swift; sourceTree = "<group>"; };
		BC97C1DB20E2C15500D9A392 /* CBClientType.swift */ = {isa = PBXFileReference; fileEncoding = 4; lastKnownFileType = sourcecode.swift; path = CBClientType.swift; sourceTree = "<group>"; };
		BC97C1DE20E2C15500D9A392 /* ProductClient.swift */ = {isa = PBXFileReference; fileEncoding = 4; lastKnownFileType = sourcecode.swift; path = ProductClient.swift; sourceTree = "<group>"; };
		BC97C1DF20E2C15500D9A392 /* HTTPClient.swift */ = {isa = PBXFileReference; fileEncoding = 4; lastKnownFileType = sourcecode.swift; path = HTTPClient.swift; sourceTree = "<group>"; };
		BC97C1E020E2C15500D9A392 /* CBServerError.swift */ = {isa = PBXFileReference; fileEncoding = 4; lastKnownFileType = sourcecode.swift; path = CBServerError.swift; sourceTree = "<group>"; };
		BC97C1F820E2E4D200D9A392 /* ProductTableViewController.swift */ = {isa = PBXFileReference; lastKnownFileType = sourcecode.swift; path = ProductTableViewController.swift; sourceTree = "<group>"; };
		BC97C23720E2EDF300D9A392 /* ProductDetailViewController.swift */ = {isa = PBXFileReference; lastKnownFileType = sourcecode.swift; path = ProductDetailViewController.swift; sourceTree = "<group>"; };
		BC97C23920E3085E00D9A392 /* ProductList.swift */ = {isa = PBXFileReference; lastKnownFileType = sourcecode.swift; path = ProductList.swift; sourceTree = "<group>"; };
		BC97C23E20E42F6E00D9A392 /* ProductTableViewCell.swift */ = {isa = PBXFileReference; lastKnownFileType = sourcecode.swift; path = ProductTableViewCell.swift; sourceTree = "<group>"; };
		BC97C24020E42F7D00D9A392 /* ProductTableViewCell.xib */ = {isa = PBXFileReference; lastKnownFileType = file.xib; path = ProductTableViewCell.xib; sourceTree = "<group>"; };
		BCDB162320E442A20094DCA2 /* ProductListViewModel.swift */ = {isa = PBXFileReference; lastKnownFileType = sourcecode.swift; path = ProductListViewModel.swift; sourceTree = "<group>"; };
		BCDB162520E442B00094DCA2 /* ProductViewModel.swift */ = {isa = PBXFileReference; lastKnownFileType = sourcecode.swift; path = ProductViewModel.swift; sourceTree = "<group>"; };
/* End PBXFileReference section */

/* Begin PBXFrameworksBuildPhase section */
		BC6FDD7A20E2835100297850 /* Frameworks */ = {
			isa = PBXFrameworksBuildPhase;
			buildActionMask = 2147483647;
			files = (
				BC97C1BA20E2A74100D9A392 /* Alamofire.framework in Frameworks */,
			);
			runOnlyForDeploymentPostprocessing = 0;
		};
		BC6FDD8E20E2835300297850 /* Frameworks */ = {
			isa = PBXFrameworksBuildPhase;
			buildActionMask = 2147483647;
			files = (
			);
			runOnlyForDeploymentPostprocessing = 0;
		};
		BC6FDD9920E2835300297850 /* Frameworks */ = {
			isa = PBXFrameworksBuildPhase;
			buildActionMask = 2147483647;
			files = (
			);
			runOnlyForDeploymentPostprocessing = 0;
		};
/* End PBXFrameworksBuildPhase section */

/* Begin PBXGroup section */
		BC6FDD7420E2835100297850 = {
			isa = PBXGroup;
			children = (
				BC6FDD7F20E2835100297850 /* ShoppingApp */,
				BC6FDD8020E2835100297850 /* AppDelegate.swift */,
				BC6FDD9420E2835300297850 /* ShoppingAppTests */,
				BC6FDD9F20E2835300297850 /* ShoppingAppUITests */,
				BC6FDD7E20E2835100297850 /* Products */,
				BC97C1B820E2A74100D9A392 /* Frameworks */,
			);
			sourceTree = "<group>";
		};
		BC6FDD7E20E2835100297850 /* Products */ = {
			isa = PBXGroup;
			children = (
				BC6FDD7D20E2835100297850 /* ShoppingApp.app */,
				BC6FDD9120E2835300297850 /* ShoppingAppTests.xctest */,
				BC6FDD9C20E2835300297850 /* ShoppingAppUITests.xctest */,
			);
			name = Products;
			sourceTree = "<group>";
		};
		BC6FDD7F20E2835100297850 /* ShoppingApp */ = {
			isa = PBXGroup;
			children = (
				BC97C1F620E2CBBF00D9A392 /* View */,
				BC97C1F520E2CBB200D9A392 /* ViewController */,
				BC97C1F420E2CBA900D9A392 /* ViewModel */,
				BC97C1F120E2C7DC00D9A392 /* Model */,
				BC97C1C920E2C15500D9A392 /* Networking */,
				BC97C1C620E2C14C00D9A392 /* Protocols */,
				BC97C1BF20E2C13A00D9A392 /* Extensions */,
				BC97C1BB20E2A9F400D9A392 /* Storyboards */,
				BC97C1BC20E2A9FE00D9A392 /* SupportingFiles */,
			);
			path = ShoppingApp;
			sourceTree = "<group>";
		};
		BC6FDD9420E2835300297850 /* ShoppingAppTests */ = {
			isa = PBXGroup;
			children = (
				BC6FDD9520E2835300297850 /* ShoppingAppTests.swift */,
				BC6FDD9720E2835300297850 /* Info.plist */,
			);
			path = ShoppingAppTests;
			sourceTree = "<group>";
		};
		BC6FDD9F20E2835300297850 /* ShoppingAppUITests */ = {
			isa = PBXGroup;
			children = (
				BC6FDDA020E2835300297850 /* ShoppingAppUITests.swift */,
				BC6FDDA220E2835300297850 /* Info.plist */,
			);
			path = ShoppingAppUITests;
			sourceTree = "<group>";
		};
		BC97C1B820E2A74100D9A392 /* Frameworks */ = {
			isa = PBXGroup;
			children = (
				BC97C1B920E2A74100D9A392 /* Alamofire.framework */,
			);
			name = Frameworks;
			sourceTree = "<group>";
		};
		BC97C1BB20E2A9F400D9A392 /* Storyboards */ = {
			isa = PBXGroup;
			children = (
				BC6FDD8420E2835100297850 /* Main.storyboard */,
				BC6FDD8920E2835300297850 /* LaunchScreen.storyboard */,
			);
			path = Storyboards;
			sourceTree = "<group>";
		};
		BC97C1BC20E2A9FE00D9A392 /* SupportingFiles */ = {
			isa = PBXGroup;
			children = (
				BC6FDD8720E2835300297850 /* Assets.xcassets */,
				BC6FDD8C20E2835300297850 /* Info.plist */,
			);
			path = SupportingFiles;
			sourceTree = "<group>";
		};
		BC97C1BF20E2C13A00D9A392 /* Extensions */ = {
			isa = PBXGroup;
			children = (
				BC97C1C020E2C13A00D9A392 /* URLSessionConfiguration+ExtraHeaders.swift */,
				BC97C1C120E2C13A00D9A392 /* AlamofireRequest+Decodable.swift */,
				BC97C1C220E2C13A00D9A392 /* Alamofire+ExtraHeaders.swift */,
			);
			path = Extensions;
			sourceTree = "<group>";
		};
		BC97C1C620E2C14C00D9A392 /* Protocols */ = {
			isa = PBXGroup;
			children = (
				BC97C1C720E2C14C00D9A392 /* CustomErrorConvertible.swift */,
			);
			path = Protocols;
			sourceTree = "<group>";
		};
		BC97C1C920E2C15500D9A392 /* Networking */ = {
			isa = PBXGroup;
			children = (
				BC97C1CA20E2C15500D9A392 /* CBClientError.swift */,
				BC97C1CF20E2C15500D9A392 /* CBClientDelegate.swift */,
				BC97C1DB20E2C15500D9A392 /* CBClientType.swift */,
				BC97C1E020E2C15500D9A392 /* CBServerError.swift */,
				BC97C1CB20E2C15500D9A392 /* ApiClient */,
				BC97C1D720E2C15500D9A392 /* HTTP */,
			);
			path = Networking;
			sourceTree = "<group>";
		};
		BC97C1CB20E2C15500D9A392 /* ApiClient */ = {
			isa = PBXGroup;
			children = (
				BC97C1DE20E2C15500D9A392 /* ProductClient.swift */,
			);
			path = ApiClient;
			sourceTree = "<group>";
		};
		BC97C1D720E2C15500D9A392 /* HTTP */ = {
			isa = PBXGroup;
			children = (
				BC97C1DF20E2C15500D9A392 /* HTTPClient.swift */,
				BC97C1D820E2C15500D9A392 /* HTTPRoute.swift */,
				BC97C1D920E2C15500D9A392 /* HTTPRouteConvertible.swift */,
				BC97C1DA20E2C15500D9A392 /* HTTPBaseURL.swift */,
			);
			path = HTTP;
			sourceTree = "<group>";
		};
		BC97C1F120E2C7DC00D9A392 /* Model */ = {
			isa = PBXGroup;
			children = (
				BC97C23920E3085E00D9A392 /* ProductList.swift */,
			);
			path = Model;
			sourceTree = "<group>";
		};
		BC97C1F420E2CBA900D9A392 /* ViewModel */ = {
			isa = PBXGroup;
			children = (
				BCDB162220E441C00094DCA2 /* Product */,
			);
			path = ViewModel;
			sourceTree = "<group>";
		};
		BC97C1F520E2CBB200D9A392 /* ViewController */ = {
			isa = PBXGroup;
			children = (
				BC97C1F720E2E4BA00D9A392 /* Product */,
			);
			path = ViewController;
			sourceTree = "<group>";
		};
		BC97C1F620E2CBBF00D9A392 /* View */ = {
			isa = PBXGroup;
			children = (
				BC97C23C20E42F5100D9A392 /* Product */,
			);
			path = View;
			sourceTree = "<group>";
		};
		BC97C1F720E2E4BA00D9A392 /* Product */ = {
			isa = PBXGroup;
			children = (
				BC97C23620E2EDDB00D9A392 /* Detail */,
				BC97C1F820E2E4D200D9A392 /* ProductTableViewController.swift */,
			);
			path = Product;
			sourceTree = "<group>";
		};
		BC97C23620E2EDDB00D9A392 /* Detail */ = {
			isa = PBXGroup;
			children = (
				BC97C23720E2EDF300D9A392 /* ProductDetailViewController.swift */,
			);
			path = Detail;
			sourceTree = "<group>";
		};
		BC97C23C20E42F5100D9A392 /* Product */ = {
			isa = PBXGroup;
			children = (
				BC97C23D20E42F5700D9A392 /* ProductCell */,
			);
			path = Product;
			sourceTree = "<group>";
		};
		BC97C23D20E42F5700D9A392 /* ProductCell */ = {
			isa = PBXGroup;
			children = (
				BC97C23E20E42F6E00D9A392 /* ProductTableViewCell.swift */,
				BC97C24020E42F7D00D9A392 /* ProductTableViewCell.xib */,
			);
			path = ProductCell;
			sourceTree = "<group>";
		};
		BCDB162220E441C00094DCA2 /* Product */ = {
			isa = PBXGroup;
			children = (
				BCDB162320E442A20094DCA2 /* ProductListViewModel.swift */,
				BCDB162520E442B00094DCA2 /* ProductViewModel.swift */,
			);
			path = Product;
			sourceTree = "<group>";
		};
/* End PBXGroup section */

/* Begin PBXNativeTarget section */
		BC6FDD7C20E2835100297850 /* ShoppingApp */ = {
			isa = PBXNativeTarget;
			buildConfigurationList = BC6FDDA520E2835300297850 /* Build configuration list for PBXNativeTarget "ShoppingApp" */;
			buildPhases = (
				BC6FDD7920E2835100297850 /* Sources */,
				BC6FDD7A20E2835100297850 /* Frameworks */,
				BC6FDD7B20E2835100297850 /* Resources */,
				BC97C1B720E2A70E00D9A392 /* Carthage Run Script */,
			);
			buildRules = (
			);
			dependencies = (
			);
			name = ShoppingApp;
			productName = ShoppingApp;
			productReference = BC6FDD7D20E2835100297850 /* ShoppingApp.app */;
			productType = "com.apple.product-type.application";
		};
		BC6FDD9020E2835300297850 /* ShoppingAppTests */ = {
			isa = PBXNativeTarget;
			buildConfigurationList = BC6FDDA820E2835300297850 /* Build configuration list for PBXNativeTarget "ShoppingAppTests" */;
			buildPhases = (
				BC6FDD8D20E2835300297850 /* Sources */,
				BC6FDD8E20E2835300297850 /* Frameworks */,
				BC6FDD8F20E2835300297850 /* Resources */,
			);
			buildRules = (
			);
			dependencies = (
				BC6FDD9320E2835300297850 /* PBXTargetDependency */,
			);
			name = ShoppingAppTests;
			productName = ShoppingAppTests;
			productReference = BC6FDD9120E2835300297850 /* ShoppingAppTests.xctest */;
			productType = "com.apple.product-type.bundle.unit-test";
		};
		BC6FDD9B20E2835300297850 /* ShoppingAppUITests */ = {
			isa = PBXNativeTarget;
			buildConfigurationList = BC6FDDAB20E2835300297850 /* Build configuration list for PBXNativeTarget "ShoppingAppUITests" */;
			buildPhases = (
				BC6FDD9820E2835300297850 /* Sources */,
				BC6FDD9920E2835300297850 /* Frameworks */,
				BC6FDD9A20E2835300297850 /* Resources */,
			);
			buildRules = (
			);
			dependencies = (
				BC6FDD9E20E2835300297850 /* PBXTargetDependency */,
			);
			name = ShoppingAppUITests;
			productName = ShoppingAppUITests;
			productReference = BC6FDD9C20E2835300297850 /* ShoppingAppUITests.xctest */;
			productType = "com.apple.product-type.bundle.ui-testing";
		};
/* End PBXNativeTarget section */

/* Begin PBXProject section */
		BC6FDD7520E2835100297850 /* Project object */ = {
			isa = PBXProject;
			attributes = {
				LastSwiftUpdateCheck = 0940;
				LastUpgradeCheck = 0940;
				ORGANIZATIONNAME = "Henrique Gouveia";
				TargetAttributes = {
					BC6FDD7C20E2835100297850 = {
						CreatedOnToolsVersion = 9.4.1;
					};
					BC6FDD9020E2835300297850 = {
						CreatedOnToolsVersion = 9.4.1;
						TestTargetID = BC6FDD7C20E2835100297850;
					};
					BC6FDD9B20E2835300297850 = {
						CreatedOnToolsVersion = 9.4.1;
						TestTargetID = BC6FDD7C20E2835100297850;
					};
				};
			};
			buildConfigurationList = BC6FDD7820E2835100297850 /* Build configuration list for PBXProject "ShoppingApp" */;
			compatibilityVersion = "Xcode 9.3";
			developmentRegion = en;
			hasScannedForEncodings = 0;
			knownRegions = (
				en,
				Base,
			);
			mainGroup = BC6FDD7420E2835100297850;
			productRefGroup = BC6FDD7E20E2835100297850 /* Products */;
			projectDirPath = "";
			projectRoot = "";
			targets = (
				BC6FDD7C20E2835100297850 /* ShoppingApp */,
				BC6FDD9020E2835300297850 /* ShoppingAppTests */,
				BC6FDD9B20E2835300297850 /* ShoppingAppUITests */,
			);
		};
/* End PBXProject section */

/* Begin PBXResourcesBuildPhase section */
		BC6FDD7B20E2835100297850 /* Resources */ = {
			isa = PBXResourcesBuildPhase;
			buildActionMask = 2147483647;
			files = (
				BC6FDD8B20E2835300297850 /* LaunchScreen.storyboard in Resources */,
				BC97C24120E42F7D00D9A392 /* ProductTableViewCell.xib in Resources */,
				BC6FDD8820E2835300297850 /* Assets.xcassets in Resources */,
				BC6FDD8620E2835100297850 /* Main.storyboard in Resources */,
			);
			runOnlyForDeploymentPostprocessing = 0;
		};
		BC6FDD8F20E2835300297850 /* Resources */ = {
			isa = PBXResourcesBuildPhase;
			buildActionMask = 2147483647;
			files = (
			);
			runOnlyForDeploymentPostprocessing = 0;
		};
		BC6FDD9A20E2835300297850 /* Resources */ = {
			isa = PBXResourcesBuildPhase;
			buildActionMask = 2147483647;
			files = (
			);
			runOnlyForDeploymentPostprocessing = 0;
		};
/* End PBXResourcesBuildPhase section */

/* Begin PBXShellScriptBuildPhase section */
		BC97C1B720E2A70E00D9A392 /* Carthage Run Script */ = {
			isa = PBXShellScriptBuildPhase;
			buildActionMask = 2147483647;
			files = (
			);
			inputPaths = (
				"$(SRCROOT)/Carthage/Build/iOS/Alamofire.framework",
			);
			name = "Carthage Run Script";
			outputPaths = (
			);
			runOnlyForDeploymentPostprocessing = 0;
			shellPath = /bin/sh;
			shellScript = "/usr/local/bin/carthage copy-frameworks";
		};
/* End PBXShellScriptBuildPhase section */

/* Begin PBXSourcesBuildPhase section */
		BC6FDD7920E2835100297850 /* Sources */ = {
			isa = PBXSourcesBuildPhase;
			buildActionMask = 2147483647;
			files = (
				BC97C23A20E3085E00D9A392 /* ProductList.swift in Sources */,
				BC97C1F020E2C15500D9A392 /* CBServerError.swift in Sources */,
				BC97C1EF20E2C15500D9A392 /* HTTPClient.swift in Sources */,
				BC97C1EB20E2C15500D9A392 /* HTTPRouteConvertible.swift in Sources */,
				BC97C1C520E2C13A00D9A392 /* Alamofire+ExtraHeaders.swift in Sources */,
				BC97C1E420E2C15500D9A392 /* CBClientDelegate.swift in Sources */,
				BC97C1C420E2C13A00D9A392 /* AlamofireRequest+Decodable.swift in Sources */,
				BC97C1F920E2E4D200D9A392 /* ProductTableViewController.swift in Sources */,
				BC97C1C320E2C13A00D9A392 /* URLSessionConfiguration+ExtraHeaders.swift in Sources */,
				BC97C1E120E2C15500D9A392 /* CBClientError.swift in Sources */,
				BC97C1EA20E2C15500D9A392 /* HTTPRoute.swift in Sources */,
				BC97C23F20E42F6E00D9A392 /* ProductTableViewCell.swift in Sources */,
				BC97C23820E2EDF300D9A392 /* ProductDetailViewController.swift in Sources */,
				BC97C1C820E2C14C00D9A392 /* CustomErrorConvertible.swift in Sources */,
				BCDB162620E442B00094DCA2 /* ProductViewModel.swift in Sources */,
				BC97C1ED20E2C15500D9A392 /* CBClientType.swift in Sources */,
				BC97C1EC20E2C15500D9A392 /* HTTPBaseURL.swift in Sources */,
				BC97C1EE20E2C15500D9A392 /* ProductClient.swift in Sources */,
				BCDB162420E442A20094DCA2 /* ProductListViewModel.swift in Sources */,
				BC6FDD8120E2835100297850 /* AppDelegate.swift in Sources */,
			);
			runOnlyForDeploymentPostprocessing = 0;
		};
		BC6FDD8D20E2835300297850 /* Sources */ = {
			isa = PBXSourcesBuildPhase;
			buildActionMask = 2147483647;
			files = (
				BC6FDD9620E2835300297850 /* ShoppingAppTests.swift in Sources */,
			);
			runOnlyForDeploymentPostprocessing = 0;
		};
		BC6FDD9820E2835300297850 /* Sources */ = {
			isa = PBXSourcesBuildPhase;
			buildActionMask = 2147483647;
			files = (
				BC6FDDA120E2835300297850 /* ShoppingAppUITests.swift in Sources */,
			);
			runOnlyForDeploymentPostprocessing = 0;
		};
/* End PBXSourcesBuildPhase section */

/* Begin PBXTargetDependency section */
		BC6FDD9320E2835300297850 /* PBXTargetDependency */ = {
			isa = PBXTargetDependency;
			target = BC6FDD7C20E2835100297850 /* ShoppingApp */;
			targetProxy = BC6FDD9220E2835300297850 /* PBXContainerItemProxy */;
		};
		BC6FDD9E20E2835300297850 /* PBXTargetDependency */ = {
			isa = PBXTargetDependency;
			target = BC6FDD7C20E2835100297850 /* ShoppingApp */;
			targetProxy = BC6FDD9D20E2835300297850 /* PBXContainerItemProxy */;
		};
/* End PBXTargetDependency section */

/* Begin PBXVariantGroup section */
		BC6FDD8420E2835100297850 /* Main.storyboard */ = {
			isa = PBXVariantGroup;
			children = (
				BC6FDD8520E2835100297850 /* Base */,
			);
			name = Main.storyboard;
			sourceTree = "<group>";
		};
		BC6FDD8920E2835300297850 /* LaunchScreen.storyboard */ = {
			isa = PBXVariantGroup;
			children = (
				BC6FDD8A20E2835300297850 /* Base */,
			);
			name = LaunchScreen.storyboard;
			sourceTree = "<group>";
		};
/* End PBXVariantGroup section */

/* Begin XCBuildConfiguration section */
		BC6FDDA320E2835300297850 /* Debug */ = {
			isa = XCBuildConfiguration;
			buildSettings = {
				ALWAYS_SEARCH_USER_PATHS = NO;
				CLANG_ANALYZER_LOCALIZABILITY_NONLOCALIZED = YES;
				CLANG_ANALYZER_NONNULL = YES;
				CLANG_ANALYZER_NUMBER_OBJECT_CONVERSION = YES_AGGRESSIVE;
				CLANG_CXX_LANGUAGE_STANDARD = "gnu++14";
				CLANG_CXX_LIBRARY = "libc++";
				CLANG_ENABLE_MODULES = YES;
				CLANG_ENABLE_OBJC_ARC = YES;
				CLANG_ENABLE_OBJC_WEAK = YES;
				CLANG_WARN_BLOCK_CAPTURE_AUTORELEASING = YES;
				CLANG_WARN_BOOL_CONVERSION = YES;
				CLANG_WARN_COMMA = YES;
				CLANG_WARN_CONSTANT_CONVERSION = YES;
				CLANG_WARN_DEPRECATED_OBJC_IMPLEMENTATIONS = YES;
				CLANG_WARN_DIRECT_OBJC_ISA_USAGE = YES_ERROR;
				CLANG_WARN_DOCUMENTATION_COMMENTS = YES;
				CLANG_WARN_EMPTY_BODY = YES;
				CLANG_WARN_ENUM_CONVERSION = YES;
				CLANG_WARN_INFINITE_RECURSION = YES;
				CLANG_WARN_INT_CONVERSION = YES;
				CLANG_WARN_NON_LITERAL_NULL_CONVERSION = YES;
				CLANG_WARN_OBJC_IMPLICIT_RETAIN_SELF = YES;
				CLANG_WARN_OBJC_LITERAL_CONVERSION = YES;
				CLANG_WARN_OBJC_ROOT_CLASS = YES_ERROR;
				CLANG_WARN_RANGE_LOOP_ANALYSIS = YES;
				CLANG_WARN_STRICT_PROTOTYPES = YES;
				CLANG_WARN_SUSPICIOUS_MOVE = YES;
				CLANG_WARN_UNGUARDED_AVAILABILITY = YES_AGGRESSIVE;
				CLANG_WARN_UNREACHABLE_CODE = YES;
				CLANG_WARN__DUPLICATE_METHOD_MATCH = YES;
				CODE_SIGN_IDENTITY = "iPhone Developer";
				COPY_PHASE_STRIP = NO;
				DEBUG_INFORMATION_FORMAT = dwarf;
				ENABLE_STRICT_OBJC_MSGSEND = YES;
				ENABLE_TESTABILITY = YES;
				GCC_C_LANGUAGE_STANDARD = gnu11;
				GCC_DYNAMIC_NO_PIC = NO;
				GCC_NO_COMMON_BLOCKS = YES;
				GCC_OPTIMIZATION_LEVEL = 0;
				GCC_PREPROCESSOR_DEFINITIONS = (
					"DEBUG=1",
					"$(inherited)",
				);
				GCC_WARN_64_TO_32_BIT_CONVERSION = YES;
				GCC_WARN_ABOUT_RETURN_TYPE = YES_ERROR;
				GCC_WARN_UNDECLARED_SELECTOR = YES;
				GCC_WARN_UNINITIALIZED_AUTOS = YES_AGGRESSIVE;
				GCC_WARN_UNUSED_FUNCTION = YES;
				GCC_WARN_UNUSED_VARIABLE = YES;
				IPHONEOS_DEPLOYMENT_TARGET = 11.4;
				MTL_ENABLE_DEBUG_INFO = YES;
				ONLY_ACTIVE_ARCH = YES;
				SDKROOT = iphoneos;
				SWIFT_ACTIVE_COMPILATION_CONDITIONS = DEBUG;
				SWIFT_OPTIMIZATION_LEVEL = "-Onone";
			};
			name = Debug;
		};
		BC6FDDA420E2835300297850 /* Release */ = {
			isa = XCBuildConfiguration;
			buildSettings = {
				ALWAYS_SEARCH_USER_PATHS = NO;
				CLANG_ANALYZER_LOCALIZABILITY_NONLOCALIZED = YES;
				CLANG_ANALYZER_NONNULL = YES;
				CLANG_ANALYZER_NUMBER_OBJECT_CONVERSION = YES_AGGRESSIVE;
				CLANG_CXX_LANGUAGE_STANDARD = "gnu++14";
				CLANG_CXX_LIBRARY = "libc++";
				CLANG_ENABLE_MODULES = YES;
				CLANG_ENABLE_OBJC_ARC = YES;
				CLANG_ENABLE_OBJC_WEAK = YES;
				CLANG_WARN_BLOCK_CAPTURE_AUTORELEASING = YES;
				CLANG_WARN_BOOL_CONVERSION = YES;
				CLANG_WARN_COMMA = YES;
				CLANG_WARN_CONSTANT_CONVERSION = YES;
				CLANG_WARN_DEPRECATED_OBJC_IMPLEMENTATIONS = YES;
				CLANG_WARN_DIRECT_OBJC_ISA_USAGE = YES_ERROR;
				CLANG_WARN_DOCUMENTATION_COMMENTS = YES;
				CLANG_WARN_EMPTY_BODY = YES;
				CLANG_WARN_ENUM_CONVERSION = YES;
				CLANG_WARN_INFINITE_RECURSION = YES;
				CLANG_WARN_INT_CONVERSION = YES;
				CLANG_WARN_NON_LITERAL_NULL_CONVERSION = YES;
				CLANG_WARN_OBJC_IMPLICIT_RETAIN_SELF = YES;
				CLANG_WARN_OBJC_LITERAL_CONVERSION = YES;
				CLANG_WARN_OBJC_ROOT_CLASS = YES_ERROR;
				CLANG_WARN_RANGE_LOOP_ANALYSIS = YES;
				CLANG_WARN_STRICT_PROTOTYPES = YES;
				CLANG_WARN_SUSPICIOUS_MOVE = YES;
				CLANG_WARN_UNGUARDED_AVAILABILITY = YES_AGGRESSIVE;
				CLANG_WARN_UNREACHABLE_CODE = YES;
				CLANG_WARN__DUPLICATE_METHOD_MATCH = YES;
				CODE_SIGN_IDENTITY = "iPhone Developer";
				COPY_PHASE_STRIP = NO;
				DEBUG_INFORMATION_FORMAT = "dwarf-with-dsym";
				ENABLE_NS_ASSERTIONS = NO;
				ENABLE_STRICT_OBJC_MSGSEND = YES;
				GCC_C_LANGUAGE_STANDARD = gnu11;
				GCC_NO_COMMON_BLOCKS = YES;
				GCC_WARN_64_TO_32_BIT_CONVERSION = YES;
				GCC_WARN_ABOUT_RETURN_TYPE = YES_ERROR;
				GCC_WARN_UNDECLARED_SELECTOR = YES;
				GCC_WARN_UNINITIALIZED_AUTOS = YES_AGGRESSIVE;
				GCC_WARN_UNUSED_FUNCTION = YES;
				GCC_WARN_UNUSED_VARIABLE = YES;
				IPHONEOS_DEPLOYMENT_TARGET = 11.4;
				MTL_ENABLE_DEBUG_INFO = NO;
				SDKROOT = iphoneos;
				SWIFT_COMPILATION_MODE = wholemodule;
				SWIFT_OPTIMIZATION_LEVEL = "-O";
				VALIDATE_PRODUCT = YES;
			};
			name = Release;
		};
		BC6FDDA620E2835300297850 /* Debug */ = {
			isa = XCBuildConfiguration;
			buildSettings = {
				ASSETCATALOG_COMPILER_APPICON_NAME = AppIcon;
				CODE_SIGN_IDENTITY = "iPhone Developer";
				CODE_SIGN_STYLE = Automatic;
				DEVELOPMENT_TEAM = 34JXY2RV48;
				FRAMEWORK_SEARCH_PATHS = (
					"$(inherited)",
					"$(PROJECT_DIR)/Carthage/Build/iOS",
				);
				INFOPLIST_FILE = "ShoppingApp/Supporting Files/Info.plist";
				LD_RUNPATH_SEARCH_PATHS = (
					"$(inherited)",
					"@executable_path/Frameworks",
				);
				PRODUCT_BUNDLE_IDENTIFIER = com.enterprise.coolblue.ShoppingApp;
				PRODUCT_NAME = "$(TARGET_NAME)";
				PROVISIONING_PROFILE_SPECIFIER = "";
				SWIFT_VERSION = 4.0;
				TARGETED_DEVICE_FAMILY = "1,2";
			};
			name = Debug;
		};
		BC6FDDA720E2835300297850 /* Release */ = {
			isa = XCBuildConfiguration;
			buildSettings = {
				ASSETCATALOG_COMPILER_APPICON_NAME = AppIcon;
				CODE_SIGN_IDENTITY = "iPhone Developer";
				CODE_SIGN_STYLE = Automatic;
				DEVELOPMENT_TEAM = 34JXY2RV48;
				FRAMEWORK_SEARCH_PATHS = (
					"$(inherited)",
					"$(PROJECT_DIR)/Carthage/Build/iOS",
				);
				INFOPLIST_FILE = "ShoppingApp/Supporting Files/Info.plist";
				LD_RUNPATH_SEARCH_PATHS = (
					"$(inherited)",
					"@executable_path/Frameworks",
				);
				PRODUCT_BUNDLE_IDENTIFIER = com.enterprise.coolblue.ShoppingApp;
				PRODUCT_NAME = "$(TARGET_NAME)";
				PROVISIONING_PROFILE_SPECIFIER = "";
				SWIFT_VERSION = 4.0;
				TARGETED_DEVICE_FAMILY = "1,2";
			};
			name = Release;
		};
		BC6FDDA920E2835300297850 /* Debug */ = {
			isa = XCBuildConfiguration;
			buildSettings = {
				ALWAYS_EMBED_SWIFT_STANDARD_LIBRARIES = YES;
				BUNDLE_LOADER = "$(TEST_HOST)";
				CODE_SIGN_STYLE = Automatic;
				DEVELOPMENT_TEAM = 34JXY2RV48;
				INFOPLIST_FILE = ShoppingAppTests/Info.plist;
				LD_RUNPATH_SEARCH_PATHS = (
					"$(inherited)",
					"@executable_path/Frameworks",
					"@loader_path/Frameworks",
				);
				PRODUCT_BUNDLE_IDENTIFIER = com.enterprise.coolblue.ShoppingAppTests;
				PRODUCT_NAME = "$(TARGET_NAME)";
				SWIFT_VERSION = 4.0;
				TARGETED_DEVICE_FAMILY = "1,2";
				TEST_HOST = "$(BUILT_PRODUCTS_DIR)/ShoppingApp.app/ShoppingApp";
			};
			name = Debug;
		};
		BC6FDDAA20E2835300297850 /* Release */ = {
			isa = XCBuildConfiguration;
			buildSettings = {
				ALWAYS_EMBED_SWIFT_STANDARD_LIBRARIES = YES;
				BUNDLE_LOADER = "$(TEST_HOST)";
				CODE_SIGN_STYLE = Automatic;
				DEVELOPMENT_TEAM = 34JXY2RV48;
				INFOPLIST_FILE = ShoppingAppTests/Info.plist;
				LD_RUNPATH_SEARCH_PATHS = (
					"$(inherited)",
					"@executable_path/Frameworks",
					"@loader_path/Frameworks",
				);
				PRODUCT_BUNDLE_IDENTIFIER = com.enterprise.coolblue.ShoppingAppTests;
				PRODUCT_NAME = "$(TARGET_NAME)";
				SWIFT_VERSION = 4.0;
				TARGETED_DEVICE_FAMILY = "1,2";
				TEST_HOST = "$(BUILT_PRODUCTS_DIR)/ShoppingApp.app/ShoppingApp";
			};
			name = Release;
		};
		BC6FDDAC20E2835300297850 /* Debug */ = {
			isa = XCBuildConfiguration;
			buildSettings = {
				ALWAYS_EMBED_SWIFT_STANDARD_LIBRARIES = YES;
				CODE_SIGN_STYLE = Automatic;
				DEVELOPMENT_TEAM = 34JXY2RV48;
				INFOPLIST_FILE = ShoppingAppUITests/Info.plist;
				LD_RUNPATH_SEARCH_PATHS = (
					"$(inherited)",
					"@executable_path/Frameworks",
					"@loader_path/Frameworks",
				);
				PRODUCT_BUNDLE_IDENTIFIER = com.enterprise.coolblue.ShoppingAppUITests;
				PRODUCT_NAME = "$(TARGET_NAME)";
				SWIFT_VERSION = 4.0;
				TARGETED_DEVICE_FAMILY = "1,2";
				TEST_TARGET_NAME = ShoppingApp;
			};
			name = Debug;
		};
		BC6FDDAD20E2835300297850 /* Release */ = {
			isa = XCBuildConfiguration;
			buildSettings = {
				ALWAYS_EMBED_SWIFT_STANDARD_LIBRARIES = YES;
				CODE_SIGN_STYLE = Automatic;
				DEVELOPMENT_TEAM = 34JXY2RV48;
				INFOPLIST_FILE = ShoppingAppUITests/Info.plist;
				LD_RUNPATH_SEARCH_PATHS = (
					"$(inherited)",
					"@executable_path/Frameworks",
					"@loader_path/Frameworks",
				);
				PRODUCT_BUNDLE_IDENTIFIER = com.enterprise.coolblue.ShoppingAppUITests;
				PRODUCT_NAME = "$(TARGET_NAME)";
				SWIFT_VERSION = 4.0;
				TARGETED_DEVICE_FAMILY = "1,2";
				TEST_TARGET_NAME = ShoppingApp;
			};
			name = Release;
		};
/* End XCBuildConfiguration section */

/* Begin XCConfigurationList section */
		BC6FDD7820E2835100297850 /* Build configuration list for PBXProject "ShoppingApp" */ = {
			isa = XCConfigurationList;
			buildConfigurations = (
				BC6FDDA320E2835300297850 /* Debug */,
				BC6FDDA420E2835300297850 /* Release */,
			);
			defaultConfigurationIsVisible = 0;
			defaultConfigurationName = Release;
		};
		BC6FDDA520E2835300297850 /* Build configuration list for PBXNativeTarget "ShoppingApp" */ = {
			isa = XCConfigurationList;
			buildConfigurations = (
				BC6FDDA620E2835300297850 /* Debug */,
				BC6FDDA720E2835300297850 /* Release */,
			);
			defaultConfigurationIsVisible = 0;
			defaultConfigurationName = Release;
		};
		BC6FDDA820E2835300297850 /* Build configuration list for PBXNativeTarget "ShoppingAppTests" */ = {
			isa = XCConfigurationList;
			buildConfigurations = (
				BC6FDDA920E2835300297850 /* Debug */,
				BC6FDDAA20E2835300297850 /* Release */,
			);
			defaultConfigurationIsVisible = 0;
			defaultConfigurationName = Release;
		};
		BC6FDDAB20E2835300297850 /* Build configuration list for PBXNativeTarget "ShoppingAppUITests" */ = {
			isa = XCConfigurationList;
			buildConfigurations = (
				BC6FDDAC20E2835300297850 /* Debug */,
				BC6FDDAD20E2835300297850 /* Release */,
			);
			defaultConfigurationIsVisible = 0;
			defaultConfigurationName = Release;
		};
/* End XCConfigurationList section */
	};
	rootObject = BC6FDD7520E2835100297850 /* Project object */;
}
